
Microsoft Visual Studio Solution File, Format Version 12.00
# Visual Studio 15
Project("{FAE04EC0-301F-11D3-BF4B-00C04F79EFBC}") = "Assembly-CSharp", "Assembly-CSharp.csproj", "{E08DC479-320F-EDD5-3D68-7209AB34DF46}"
EndProject
Project("{FAE04EC0-301F-11D3-BF4B-00C04F79EFBC}") = "Assembly-CSharp-Editor", "Assembly-CSharp-Editor.csproj", "{4F59490D-16D7-308F-5F13-E646F439EF18}"
EndProject
Global
	GlobalSection(SolutionConfigurationPlatforms) = preSolution
		Debug|Any CPU = Debug|Any CPU
		Release|Any CPU = Release|Any CPU
	EndGlobalSection
	GlobalSection(ProjectConfigurationPlatforms) = postSolution
		{E08DC479-320F-EDD5-3D68-7209AB34DF46}.Debug|Any CPU.ActiveCfg = Debug|Any CPU
		{E08DC479-320F-EDD5-3D68-7209AB34DF46}.Debug|Any CPU.Build.0 = Debug|Any CPU
		{E08DC479-320F-EDD5-3D68-7209AB34DF46}.Release|Any CPU.ActiveCfg = Release|Any CPU
		{E08DC479-320F-EDD5-3D68-7209AB34DF46}.Release|Any CPU.Build.0 = Release|Any CPU
		{4F59490D-16D7-308F-5F13-E646F439EF18}.Debug|Any CPU.ActiveCfg = Debug|Any CPU
		{4F59490D-16D7-308F-5F13-E646F439EF18}.Debug|Any CPU.Build.0 = Debug|Any CPU
		{4F59490D-16D7-308F-5F13-E646F439EF18}.Release|Any CPU.ActiveCfg = Release|Any CPU
		{4F59490D-16D7-308F-5F13-E646F439EF18}.Release|Any CPU.Build.0 = Release|Any CPU
	EndGlobalSection
	GlobalSection(SolutionProperties) = preSolution
		HideSolutionNode = FALSE
	EndGlobalSection
EndGlobal
